
Microsoft Visual Studio Solution File, Format Version 12.00
# Visual Studio Version 17
VisualStudioVersion = 17.6.33829.357
MinimumVisualStudioVersion = 10.0.40219.1
Project("{FAE04EC0-301F-11D3-BF4B-00C04F79EFBC}") = "SchoolProject111", "SchoolProject111.csproj", "{C57AF94A-2D6D-4899-A4FD-2EB1442B6A8F}"
EndProject
Global
	GlobalSection(SolutionConfigurationPlatforms) = preSolution
		Debug|Any CPU = Debug|Any CPU
		Release|Any CPU = Release|Any CPU
	EndGlobalSection
	GlobalSection(ProjectConfigurationPlatforms) = postSolution
		{C57AF94A-2D6D-4899-A4FD-2EB1442B6A8F}.Debug|Any CPU.ActiveCfg = Debug|Any CPU
		{C57AF94A-2D6D-4899-A4FD-2EB1442B6A8F}.Debug|Any CPU.Build.0 = Debug|Any CPU
		{C57AF94A-2D6D-4899-A4FD-2EB1442B6A8F}.Release|Any CPU.ActiveCfg = Release|Any CPU
		{C57AF94A-2D6D-4899-A4FD-2EB1442B6A8F}.Release|Any CPU.Build.0 = Release|Any CPU
	EndGlobalSection
	GlobalSection(SolutionProperties) = preSolution
		HideSolutionNode = FALSE
	EndGlobalSection
	GlobalSection(ExtensibilityGlobals) = postSolution
		SolutionGuid = {80713E47-3AEC-4347-A7C4-99A7FDC7C0DF}
	EndGlobalSection
EndGlobal
